
Microsoft Visual Studio Solution File, Format Version 12.00
# Visual Studio 15
VisualStudioVersion = 15.0.28307.1321
MinimumVisualStudioVersion = 10.0.40219.1
Project("{FAE04EC0-301F-11D3-BF4B-00C04F79EFBC}") = "Chapter2.Example4", "Chapter2.Example4\Chapter2.Example4.csproj", "{B1D69485-CEFE-4335-85FD-C033B8A9B9F7}"
EndProject
Global
	GlobalSection(SolutionConfigurationPlatforms) = preSolution
		Debug|Any CPU = Debug|Any CPU
		Release|Any CPU = Release|Any CPU
	EndGlobalSection
	GlobalSection(ProjectConfigurationPlatforms) = postSolution
		{B1D69485-CEFE-4335-85FD-C033B8A9B9F7}.Debug|Any CPU.ActiveCfg = Debug|Any CPU
		{B1D69485-CEFE-4335-85FD-C033B8A9B9F7}.Debug|Any CPU.Build.0 = Debug|Any CPU
		{B1D69485-CEFE-4335-85FD-C033B8A9B9F7}.Release|Any CPU.ActiveCfg = Release|Any CPU
		{B1D69485-CEFE-4335-85FD-C033B8A9B9F7}.Release|Any CPU.Build.0 = Release|Any CPU
	EndGlobalSection
	GlobalSection(SolutionProperties) = preSolution
		HideSolutionNode = FALSE
	EndGlobalSection
	GlobalSection(ExtensibilityGlobals) = postSolution
		SolutionGuid = {34B3BDC7-E12E-4205-B67A-717DDAC4A70B}
	EndGlobalSection
EndGlobal
