
Microsoft Visual Studio Solution File, Format Version 12.00
# Visual Studio 15
VisualStudioVersion = 15.0.28307.1321
MinimumVisualStudioVersion = 10.0.40219.1
Project("{FAE04EC0-301F-11D3-BF4B-00C04F79EFBC}") = "Chapter13.Example4", "Chapter13.Example4\Chapter13.Example4.csproj", "{EEFBAE45-A20A-4F40-A319-C9D8E638D4F9}"
EndProject
Global
	GlobalSection(SolutionConfigurationPlatforms) = preSolution
		Debug|Any CPU = Debug|Any CPU
		Release|Any CPU = Release|Any CPU
	EndGlobalSection
	GlobalSection(ProjectConfigurationPlatforms) = postSolution
		{EEFBAE45-A20A-4F40-A319-C9D8E638D4F9}.Debug|Any CPU.ActiveCfg = Debug|Any CPU
		{EEFBAE45-A20A-4F40-A319-C9D8E638D4F9}.Debug|Any CPU.Build.0 = Debug|Any CPU
		{EEFBAE45-A20A-4F40-A319-C9D8E638D4F9}.Release|Any CPU.ActiveCfg = Release|Any CPU
		{EEFBAE45-A20A-4F40-A319-C9D8E638D4F9}.Release|Any CPU.Build.0 = Release|Any CPU
	EndGlobalSection
	GlobalSection(SolutionProperties) = preSolution
		HideSolutionNode = FALSE
	EndGlobalSection
	GlobalSection(ExtensibilityGlobals) = postSolution
		SolutionGuid = {12D2B51F-5BA1-42AB-8F54-E3712A2064E1}
	EndGlobalSection
EndGlobal
