
Microsoft Visual Studio Solution File, Format Version 12.00
# Visual Studio 15
VisualStudioVersion = 15.0.28307.1321
MinimumVisualStudioVersion = 10.0.40219.1
Project("{FAE04EC0-301F-11D3-BF4B-00C04F79EFBC}") = "Chapter7.Example4", "Chapter7.Example4\Chapter7.Example4.csproj", "{1795F00D-C9D0-48B5-9535-935830E5269B}"
EndProject
Global
	GlobalSection(SolutionConfigurationPlatforms) = preSolution
		Debug|Any CPU = Debug|Any CPU
		Release|Any CPU = Release|Any CPU
	EndGlobalSection
	GlobalSection(ProjectConfigurationPlatforms) = postSolution
		{1795F00D-C9D0-48B5-9535-935830E5269B}.Debug|Any CPU.ActiveCfg = Debug|Any CPU
		{1795F00D-C9D0-48B5-9535-935830E5269B}.Debug|Any CPU.Build.0 = Debug|Any CPU
		{1795F00D-C9D0-48B5-9535-935830E5269B}.Release|Any CPU.ActiveCfg = Release|Any CPU
		{1795F00D-C9D0-48B5-9535-935830E5269B}.Release|Any CPU.Build.0 = Release|Any CPU
	EndGlobalSection
	GlobalSection(SolutionProperties) = preSolution
		HideSolutionNode = FALSE
	EndGlobalSection
	GlobalSection(ExtensibilityGlobals) = postSolution
		SolutionGuid = {71C64D2C-EDB0-4002-AF40-E75376267E5F}
	EndGlobalSection
EndGlobal
