
Microsoft Visual Studio Solution File, Format Version 12.00
# Visual Studio 15
VisualStudioVersion = 15.0.28307.1321
MinimumVisualStudioVersion = 10.0.40219.1
Project("{FAE04EC0-301F-11D3-BF4B-00C04F79EFBC}") = "Chapter14.Example4", "Chapter14.Example4\Chapter14.Example4.csproj", "{51CAFA04-8011-46F3-B814-07632195E70B}"
EndProject
Global
	GlobalSection(SolutionConfigurationPlatforms) = preSolution
		Debug|Any CPU = Debug|Any CPU
		Release|Any CPU = Release|Any CPU
	EndGlobalSection
	GlobalSection(ProjectConfigurationPlatforms) = postSolution
		{51CAFA04-8011-46F3-B814-07632195E70B}.Debug|Any CPU.ActiveCfg = Debug|Any CPU
		{51CAFA04-8011-46F3-B814-07632195E70B}.Debug|Any CPU.Build.0 = Debug|Any CPU
		{51CAFA04-8011-46F3-B814-07632195E70B}.Release|Any CPU.ActiveCfg = Release|Any CPU
		{51CAFA04-8011-46F3-B814-07632195E70B}.Release|Any CPU.Build.0 = Release|Any CPU
	EndGlobalSection
	GlobalSection(SolutionProperties) = preSolution
		HideSolutionNode = FALSE
	EndGlobalSection
	GlobalSection(ExtensibilityGlobals) = postSolution
		SolutionGuid = {C99EB979-6785-439E-A760-5B33AE68AA73}
	EndGlobalSection
EndGlobal
