
Microsoft Visual Studio Solution File, Format Version 12.00
# Visual Studio 15
VisualStudioVersion = 15.0.28307.1321
MinimumVisualStudioVersion = 10.0.40219.1
Project("{FAE04EC0-301F-11D3-BF4B-00C04F79EFBC}") = "Chapter1.Example4", "Chapter1.Example4\Chapter1.Example4.csproj", "{0A50F25D-A298-4C42-9F2E-1B53970F5E80}"
EndProject
Global
	GlobalSection(SolutionConfigurationPlatforms) = preSolution
		Debug|Any CPU = Debug|Any CPU
		Release|Any CPU = Release|Any CPU
	EndGlobalSection
	GlobalSection(ProjectConfigurationPlatforms) = postSolution
		{0A50F25D-A298-4C42-9F2E-1B53970F5E80}.Debug|Any CPU.ActiveCfg = Debug|Any CPU
		{0A50F25D-A298-4C42-9F2E-1B53970F5E80}.Debug|Any CPU.Build.0 = Debug|Any CPU
		{0A50F25D-A298-4C42-9F2E-1B53970F5E80}.Release|Any CPU.ActiveCfg = Release|Any CPU
		{0A50F25D-A298-4C42-9F2E-1B53970F5E80}.Release|Any CPU.Build.0 = Release|Any CPU
	EndGlobalSection
	GlobalSection(SolutionProperties) = preSolution
		HideSolutionNode = FALSE
	EndGlobalSection
	GlobalSection(ExtensibilityGlobals) = postSolution
		SolutionGuid = {C7C18359-43DF-4E0B-92F1-9C9CE684144B}
	EndGlobalSection
EndGlobal
